
Microsoft Visual Studio Solution File, Format Version 12.00
# Visual Studio Version 17
VisualStudioVersion = 17.7.34031.279
MinimumVisualStudioVersion = 10.0.40219.1
Project("{FAE04EC0-301F-11D3-BF4B-00C04F79EFBC}") = "23. Inheritance", "23. Inheritance.csproj", "{6BCA7A7F-2639-4F5C-A7AE-4712F7E36F85}"
EndProject
Global
	GlobalSection(SolutionConfigurationPlatforms) = preSolution
		Debug|Any CPU = Debug|Any CPU
		Release|Any CPU = Release|Any CPU
	EndGlobalSection
	GlobalSection(ProjectConfigurationPlatforms) = postSolution
		{6BCA7A7F-2639-4F5C-A7AE-4712F7E36F85}.Debug|Any CPU.ActiveCfg = Debug|Any CPU
		{6BCA7A7F-2639-4F5C-A7AE-4712F7E36F85}.Debug|Any CPU.Build.0 = Debug|Any CPU
		{6BCA7A7F-2639-4F5C-A7AE-4712F7E36F85}.Release|Any CPU.ActiveCfg = Release|Any CPU
		{6BCA7A7F-2639-4F5C-A7AE-4712F7E36F85}.Release|Any CPU.Build.0 = Release|Any CPU
	EndGlobalSection
	GlobalSection(SolutionProperties) = preSolution
		HideSolutionNode = FALSE
	EndGlobalSection
	GlobalSection(ExtensibilityGlobals) = postSolution
		SolutionGuid = {23B95975-8448-4E3A-AE16-1F4D48B48DB9}
	EndGlobalSection
EndGlobal
